<?xml version="1.0" encoding="UTF-8"?>
<CodeBlocks_project_file>
	<FileVersion major="1" minor="6"/>
	<Project>
		<Option title="R_Type"/>
		<Option makefile_is_custom="1"/>
		<Option compiler="gcc"/>
		<Option virtualFolders="CMake Files\;"/>
		<Build>
			<Target title="all">
				<Option working_dir="/home/cherkaoui/DELIVERY/R-Type"/>
				<Option type="4"/>
				<MakeCommands>
					<Build command="/usr/bin/make -f &quot;/home/cherkaoui/DELIVERY/R-Type/Makefile&quot;  VERBOSE=1 all"/>
					<CompileFile command="/usr/bin/make -f &quot;/home/cherkaoui/DELIVERY/R-Type/Makefile&quot;  VERBOSE=1 &quot;$file&quot;"/>
					<Clean command="/usr/bin/make -f &quot;/home/cherkaoui/DELIVERY/R-Type/Makefile&quot;  VERBOSE=1 clean"/>
					<DistClean command="/usr/bin/make -f &quot;/home/cherkaoui/DELIVERY/R-Type/Makefile&quot;  VERBOSE=1 clean"/>
				</MakeCommands>
			</Target>
			<Target title="edit_cache">
				<Option working_dir="/home/cherkaoui/DELIVERY/R-Type"/>
				<Option type="4"/>
				<MakeCommands>
					<Build command="/usr/bin/make -f &quot;/home/cherkaoui/DELIVERY/R-Type/Makefile&quot;  VERBOSE=1 edit_cache"/>
					<CompileFile command="/usr/bin/make -f &quot;/home/cherkaoui/DELIVERY/R-Type/Makefile&quot;  VERBOSE=1 &quot;$file&quot;"/>
					<Clean command="/usr/bin/make -f &quot;/home/cherkaoui/DELIVERY/R-Type/Makefile&quot;  VERBOSE=1 clean"/>
					<DistClean command="/usr/bin/make -f &quot;/home/cherkaoui/DELIVERY/R-Type/Makefile&quot;  VERBOSE=1 clean"/>
				</MakeCommands>
			</Target>
			<Target title="rebuild_cache">
				<Option working_dir="/home/cherkaoui/DELIVERY/R-Type"/>
				<Option type="4"/>
				<MakeCommands>
					<Build command="/usr/bin/make -f &quot;/home/cherkaoui/DELIVERY/R-Type/Makefile&quot;  VERBOSE=1 rebuild_cache"/>
					<CompileFile command="/usr/bin/make -f &quot;/home/cherkaoui/DELIVERY/R-Type/Makefile&quot;  VERBOSE=1 &quot;$file&quot;"/>
					<Clean command="/usr/bin/make -f &quot;/home/cherkaoui/DELIVERY/R-Type/Makefile&quot;  VERBOSE=1 clean"/>
					<DistClean command="/usr/bin/make -f &quot;/home/cherkaoui/DELIVERY/R-Type/Makefile&quot;  VERBOSE=1 clean"/>
				</MakeCommands>
			</Target>
			<Target title="R_Type">
				<Option output="/home/cherkaoui/DELIVERY/R-Type/R_Type" prefix_auto="0" extension_auto="0"/>
				<Option working_dir="/home/cherkaoui/DELIVERY/R-Type"/>
				<Option object_output="./"/>
				<Option type="1"/>
				<Option compiler="gcc"/>
				<Compiler>
					<Add directory="/home/cherkaoui/DELIVERY/R-Type/src/client/source/includes"/>
					<Add directory="/home/cherkaoui/DELIVERY/R-Type/src/client/source/lib"/>
					<Add directory="/home/cherkaoui/DELIVERY/R-Type/src/server/includes"/>
				</Compiler>
				<MakeCommands>
					<Build command="/usr/bin/make -f &quot;/home/cherkaoui/DELIVERY/R-Type/Makefile&quot;  VERBOSE=1 R_Type"/>
					<CompileFile command="/usr/bin/make -f &quot;/home/cherkaoui/DELIVERY/R-Type/Makefile&quot;  VERBOSE=1 &quot;$file&quot;"/>
					<Clean command="/usr/bin/make -f &quot;/home/cherkaoui/DELIVERY/R-Type/Makefile&quot;  VERBOSE=1 clean"/>
					<DistClean command="/usr/bin/make -f &quot;/home/cherkaoui/DELIVERY/R-Type/Makefile&quot;  VERBOSE=1 clean"/>
				</MakeCommands>
			</Target>
			<Target title="R_Type/fast">
				<Option output="/home/cherkaoui/DELIVERY/R-Type/R_Type" prefix_auto="0" extension_auto="0"/>
				<Option working_dir="/home/cherkaoui/DELIVERY/R-Type"/>
				<Option object_output="./"/>
				<Option type="1"/>
				<Option compiler="gcc"/>
				<Compiler>
					<Add directory="/home/cherkaoui/DELIVERY/R-Type/src/client/source/includes"/>
					<Add directory="/home/cherkaoui/DELIVERY/R-Type/src/client/source/lib"/>
					<Add directory="/home/cherkaoui/DELIVERY/R-Type/src/server/includes"/>
				</Compiler>
				<MakeCommands>
					<Build command="/usr/bin/make -f &quot;/home/cherkaoui/DELIVERY/R-Type/Makefile&quot;  VERBOSE=1 R_Type/fast"/>
					<CompileFile command="/usr/bin/make -f &quot;/home/cherkaoui/DELIVERY/R-Type/Makefile&quot;  VERBOSE=1 &quot;$file&quot;"/>
					<Clean command="/usr/bin/make -f &quot;/home/cherkaoui/DELIVERY/R-Type/Makefile&quot;  VERBOSE=1 clean"/>
					<DistClean command="/usr/bin/make -f &quot;/home/cherkaoui/DELIVERY/R-Type/Makefile&quot;  VERBOSE=1 clean"/>
				</MakeCommands>
			</Target>
		</Build>
		<Unit filename="/home/cherkaoui/DELIVERY/R-Type/src/client/source/includes/client.hpp">
			<Option target="R_Type"/>
		</Unit>
		<Unit filename="/home/cherkaoui/DELIVERY/R-Type/src/client/source/lib/Map.cpp">
			<Option target="R_Type"/>
		</Unit>
		<Unit filename="/home/cherkaoui/DELIVERY/R-Type/src/client/source/lib/Map.hpp">
			<Option target="R_Type"/>
		</Unit>
		<Unit filename="/home/cherkaoui/DELIVERY/R-Type/src/client/source/lib/UI.cpp">
			<Option target="R_Type"/>
		</Unit>
		<Unit filename="/home/cherkaoui/DELIVERY/R-Type/src/client/source/lib/UI.hpp">
			<Option target="R_Type"/>
		</Unit>
		<Unit filename="/home/cherkaoui/DELIVERY/R-Type/src/client/source/lib/utils.cpp">
			<Option target="R_Type"/>
		</Unit>
		<Unit filename="/home/cherkaoui/DELIVERY/R-Type/src/client/source/main.cpp">
			<Option target="R_Type"/>
		</Unit>
		<Unit filename="/home/cherkaoui/DELIVERY/R-Type/CMakeLists.txt">
			<Option virtualFolder="CMake Files\"/>
		</Unit>
	</Project>
</CodeBlocks_project_file>
